
Microsoft Visual Studio Solution File, Format Version 12.00
# Visual Studio 15
VisualStudioVersion = 15.0.27428.2011
MinimumVisualStudioVersion = 10.0.40219.1
Project("{FAE04EC0-301F-11D3-BF4B-00C04F79EFBC}") = "NeoPixelCommander-v2", "NeoPixelCommander-v2.csproj", "{F01A4635-B577-42EE-B324-8FFF5F853170}"
EndProject
Global
	GlobalSection(SolutionConfigurationPlatforms) = preSolution
		Debug|Any CPU = Debug|Any CPU
		Release|Any CPU = Release|Any CPU
	EndGlobalSection
	GlobalSection(ProjectConfigurationPlatforms) = postSolution
		{F01A4635-B577-42EE-B324-8FFF5F853170}.Debug|Any CPU.ActiveCfg = Debug|Any CPU
		{F01A4635-B577-42EE-B324-8FFF5F853170}.Debug|Any CPU.Build.0 = Debug|Any CPU
		{F01A4635-B577-42EE-B324-8FFF5F853170}.Release|Any CPU.ActiveCfg = Release|Any CPU
		{F01A4635-B577-42EE-B324-8FFF5F853170}.Release|Any CPU.Build.0 = Release|Any CPU
	EndGlobalSection
	GlobalSection(SolutionProperties) = preSolution
		HideSolutionNode = FALSE
	EndGlobalSection
	GlobalSection(ExtensibilityGlobals) = postSolution
		SolutionGuid = {27521A65-8A0F-471D-8AF6-E6F180DF0665}
	EndGlobalSection
EndGlobal
